
Microsoft Visual Studio Solution File, Format Version 12.00
# Visual Studio 15
VisualStudioVersion = 15.0.27130.2036
MinimumVisualStudioVersion = 10.0.40219.1
Project("{FAE04EC0-301F-11D3-BF4B-00C04F79EFBC}") = "CO5027", "CO5027\CO5027.csproj", "{2E8A5076-C9D3-44E3-BBD8-D63CBB743F33}"
EndProject
Global
	GlobalSection(SolutionConfigurationPlatforms) = preSolution
		Debug|Any CPU = Debug|Any CPU
		Release|Any CPU = Release|Any CPU
	EndGlobalSection
	GlobalSection(ProjectConfigurationPlatforms) = postSolution
		{2E8A5076-C9D3-44E3-BBD8-D63CBB743F33}.Debug|Any CPU.ActiveCfg = Debug|Any CPU
		{2E8A5076-C9D3-44E3-BBD8-D63CBB743F33}.Debug|Any CPU.Build.0 = Debug|Any CPU
		{2E8A5076-C9D3-44E3-BBD8-D63CBB743F33}.Release|Any CPU.ActiveCfg = Release|Any CPU
		{2E8A5076-C9D3-44E3-BBD8-D63CBB743F33}.Release|Any CPU.Build.0 = Release|Any CPU
	EndGlobalSection
	GlobalSection(SolutionProperties) = preSolution
		HideSolutionNode = FALSE
	EndGlobalSection
	GlobalSection(ExtensibilityGlobals) = postSolution
		SolutionGuid = {B95AF1C0-69C9-4A7E-9A0C-FC557D4B41EA}
	EndGlobalSection
EndGlobal
